// !$*UTF8*$!
{
	archiveVersion = 1;
	classes = {
	};
	objectVersion = 77;
	objects = {

/* Begin PBXContainerItemProxy section */
		657D84252D7BA3E1000A7B3F /* PBXContainerItemProxy */ = {
			isa = PBXContainerItemProxy;
			containerPortal = 657D840C2D7BA3E0000A7B3F /* Project object */;
			proxyType = 1;
			remoteGlobalIDString = 657D84132D7BA3E0000A7B3F;
			remoteInfo = "Memory Game";
		};
		657D842F2D7BA3E1000A7B3F /* PBXContainerItemProxy */ = {
			isa = PBXContainerItemProxy;
			containerPortal = 657D840C2D7BA3E0000A7B3F /* Project object */;
			proxyType = 1;
			remoteGlobalIDString = 657D84132D7BA3E0000A7B3F;
			remoteInfo = "Memory Game";
		};
/* End PBXContainerItemProxy section */

/* Begin PBXFileReference section */
		657D84142D7BA3E0000A7B3F /* Memory Game.app */ = {isa = PBXFileReference; explicitFileType = wrapper.application; includeInIndex = 0; path = "Memory Game.app"; sourceTree = BUILT_PRODUCTS_DIR; };
		657D84242D7BA3E1000A7B3F /* Memory GameTests.xctest */ = {isa = PBXFileReference; explicitFileType = wrapper.cfbundle; includeInIndex = 0; path = "Memory GameTests.xctest"; sourceTree = BUILT_PRODUCTS_DIR; };
		657D842E2D7BA3E1000A7B3F /* Memory GameUITests.xctest */ = {isa = PBXFileReference; explicitFileType = wrapper.cfbundle; includeInIndex = 0; path = "Memory GameUITests.xctest"; sourceTree = BUILT_PRODUCTS_DIR; };
/* End PBXFileReference section */

/* Begin PBXFileSystemSynchronizedRootGroup section */
		657D84162D7BA3E0000A7B3F /* Memory Game */ = {
			isa = PBXFileSystemSynchronizedRootGroup;
			path = "Memory Game";
			sourceTree = "<group>";
		};
		657D84272D7BA3E1000A7B3F /* Memory GameTests */ = {
			isa = PBXFileSystemSynchronizedRootGroup;
			path = "Memory GameTests";
			sourceTree = "<group>";
		};
		657D84312D7BA3E1000A7B3F /* Memory GameUITests */ = {
			isa = PBXFileSystemSynchronizedRootGroup;
			path = "Memory GameUITests";
			sourceTree = "<group>";
		};
/* End PBXFileSystemSynchronizedRootGroup section */

/* Begin PBXFrameworksBuildPhase section */
		657D84112D7BA3E0000A7B3F /* Frameworks */ = {
			isa = PBXFrameworksBuildPhase;
			buildActionMask = 2147483647;
			files = (
			);
			runOnlyForDeploymentPostprocessing = 0;
		};
		657D84212D7BA3E1000A7B3F /* Frameworks */ = {
			isa = PBXFrameworksBuildPhase;
			buildActionMask = 2147483647;
			files = (
			);
			runOnlyForDeploymentPostprocessing = 0;
		};
		657D842B2D7BA3E1000A7B3F /* Frameworks */ = {
			isa = PBXFrameworksBuildPhase;
			buildActionMask = 2147483647;
			files = (
			);
			runOnlyForDeploymentPostprocessing = 0;
		};
/* End PBXFrameworksBuildPhase section */

/* Begin PBXGroup section */
		657D840B2D7BA3E0000A7B3F = {
			isa = PBXGroup;
			children = (
				657D84162D7BA3E0000A7B3F /* Memory Game */,
				657D84272D7BA3E1000A7B3F /* Memory GameTests */,
				657D84312D7BA3E1000A7B3F /* Memory GameUITests */,
				657D84152D7BA3E0000A7B3F /* Products */,
			);
			sourceTree = "<group>";
		};
		657D84152D7BA3E0000A7B3F /* Products */ = {
			isa = PBXGroup;
			children = (
				657D84142D7BA3E0000A7B3F /* Memory Game.app */,
				657D84242D7BA3E1000A7B3F /* Memory GameTests.xctest */,
				657D842E2D7BA3E1000A7B3F /* Memory GameUITests.xctest */,
			);
			name = Products;
			sourceTree = "<group>";
		};
/* End PBXGroup section */

/* Begin PBXNativeTarget section */
		657D84132D7BA3E0000A7B3F /* Memory Game */ = {
			isa = PBXNativeTarget;
			buildConfigurationList = 657D84382D7BA3E1000A7B3F /* Build configuration list for PBXNativeTarget "Memory Game" */;
			buildPhases = (
				657D84102D7BA3E0000A7B3F /* Sources */,
				657D84112D7BA3E0000A7B3F /* Frameworks */,
				657D84122D7BA3E0000A7B3F /* Resources */,
			);
			buildRules = (
			);
			dependencies = (
			);
			fileSystemSynchronizedGroups = (
				657D84162D7BA3E0000A7B3F /* Memory Game */,
			);
			name = "Memory Game";
			packageProductDependencies = (
			);
			productName = "Memory Game";
			productReference = 657D84142D7BA3E0000A7B3F /* Memory Game.app */;
			productType = "com.apple.product-type.application";
		};
		657D84232D7BA3E1000A7B3F /* Memory GameTests */ = {
			isa = PBXNativeTarget;
			buildConfigurationList = 657D843B2D7BA3E1000A7B3F /* Build configuration list for PBXNativeTarget "Memory GameTests" */;
			buildPhases = (
				657D84202D7BA3E1000A7B3F /* Sources */,
				657D84212D7BA3E1000A7B3F /* Frameworks */,
				657D84222D7BA3E1000A7B3F /* Resources */,
			);
			buildRules = (
			);
			dependencies = (
				657D84262D7BA3E1000A7B3F /* PBXTargetDependency */,
			);
			fileSystemSynchronizedGroups = (
				657D84272D7BA3E1000A7B3F /* Memory GameTests */,
			);
			name = "Memory GameTests";
			packageProductDependencies = (
			);
			productName = "Memory GameTests";
			productReference = 657D84242D7BA3E1000A7B3F /* Memory GameTests.xctest */;
			productType = "com.apple.product-type.bundle.unit-test";
		};
		657D842D2D7BA3E1000A7B3F /* Memory GameUITests */ = {
			isa = PBXNativeTarget;
			buildConfigurationList = 657D843E2D7BA3E1000A7B3F /* Build configuration list for PBXNativeTarget "Memory GameUITests" */;
			buildPhases = (
				657D842A2D7BA3E1000A7B3F /* Sources */,
				657D842B2D7BA3E1000A7B3F /* Frameworks */,
				657D842C2D7BA3E1000A7B3F /* Resources */,
			);
			buildRules = (
			);
			dependencies = (
				657D84302D7BA3E1000A7B3F /* PBXTargetDependency */,
			);
			fileSystemSynchronizedGroups = (
				657D84312D7BA3E1000A7B3F /* Memory GameUITests */,
			);
			name = "Memory GameUITests";
			packageProductDependencies = (
			);
			productName = "Memory GameUITests";
			productReference = 657D842E2D7BA3E1000A7B3F /* Memory GameUITests.xctest */;
			productType = "com.apple.product-type.bundle.ui-testing";
		};
/* End PBXNativeTarget section */

/* Begin PBXProject section */
		657D840C2D7BA3E0000A7B3F /* Project object */ = {
			isa = PBXProject;
			attributes = {
				BuildIndependentTargetsInParallel = 1;
				LastSwiftUpdateCheck = 1620;
				LastUpgradeCheck = 1620;
				TargetAttributes = {
					657D84132D7BA3E0000A7B3F = {
						CreatedOnToolsVersion = 16.2;
					};
					657D84232D7BA3E1000A7B3F = {
						CreatedOnToolsVersion = 16.2;
						TestTargetID = 657D84132D7BA3E0000A7B3F;
					};
					657D842D2D7BA3E1000A7B3F = {
						CreatedOnToolsVersion = 16.2;
						TestTargetID = 657D84132D7BA3E0000A7B3F;
					};
				};
			};
			buildConfigurationList = 657D840F2D7BA3E0000A7B3F /* Build configuration list for PBXProject "Memory Game" */;
			developmentRegion = en;
			hasScannedForEncodings = 0;
			knownRegions = (
				en,
				Base,
			);
			mainGroup = 657D840B2D7BA3E0000A7B3F;
			minimizedProjectReferenceProxies = 1;
			preferredProjectObjectVersion = 77;
			productRefGroup = 657D84152D7BA3E0000A7B3F /* Products */;
			projectDirPath = "";
			projectRoot = "";
			targets = (
				657D84132D7BA3E0000A7B3F /* Memory Game */,
				657D84232D7BA3E1000A7B3F /* Memory GameTests */,
				657D842D2D7BA3E1000A7B3F /* Memory GameUITests */,
			);
		};
/* End PBXProject section */

/* Begin PBXResourcesBuildPhase section */
		657D84122D7BA3E0000A7B3F /* Resources */ = {
			isa = PBXResourcesBuildPhase;
			buildActionMask = 2147483647;
			files = (
			);
			runOnlyForDeploymentPostprocessing = 0;
		};
		657D84222D7BA3E1000A7B3F /* Resources */ = {
			isa = PBXResourcesBuildPhase;
			buildActionMask = 2147483647;
			files = (
			);
			runOnlyForDeploymentPostprocessing = 0;
		};
		657D842C2D7BA3E1000A7B3F /* Resources */ = {
			isa = PBXResourcesBuildPhase;
			buildActionMask = 2147483647;
			files = (
			);
			runOnlyForDeploymentPostprocessing = 0;
		};
/* End PBXResourcesBuildPhase section */

/* Begin PBXSourcesBuildPhase section */
		657D84102D7BA3E0000A7B3F /* Sources */ = {
			isa = PBXSourcesBuildPhase;
			buildActionMask = 2147483647;
			files = (
			);
			runOnlyForDeploymentPostprocessing = 0;
		};
		657D84202D7BA3E1000A7B3F /* Sources */ = {
			isa = PBXSourcesBuildPhase;
			buildActionMask = 2147483647;
			files = (
			);
			runOnlyForDeploymentPostprocessing = 0;
		};
		657D842A2D7BA3E1000A7B3F /* Sources */ = {
			isa = PBXSourcesBuildPhase;
			buildActionMask = 2147483647;
			files = (
			);
			runOnlyForDeploymentPostprocessing = 0;
		};
/* End PBXSourcesBuildPhase section */

/* Begin PBXTargetDependency section */
		657D84262D7BA3E1000A7B3F /* PBXTargetDependency */ = {
			isa = PBXTargetDependency;
			target = 657D84132D7BA3E0000A7B3F /* Memory Game */;
			targetProxy = 657D84252D7BA3E1000A7B3F /* PBXContainerItemProxy */;
		};
		657D84302D7BA3E1000A7B3F /* PBXTargetDependency */ = {
			isa = PBXTargetDependency;
			target = 657D84132D7BA3E0000A7B3F /* Memory Game */;
			targetProxy = 657D842F2D7BA3E1000A7B3F /* PBXContainerItemProxy */;
		};
/* End PBXTargetDependency section */

/* Begin XCBuildConfiguration section */
		657D84362D7BA3E1000A7B3F /* Debug */ = {
			isa = XCBuildConfiguration;
			buildSettings = {
				ALWAYS_SEARCH_USER_PATHS = NO;
				ASSETCATALOG_COMPILER_GENERATE_SWIFT_ASSET_SYMBOL_EXTENSIONS = YES;
				CLANG_ANALYZER_NONNULL = YES;
				CLANG_ANALYZER_NUMBER_OBJECT_CONVERSION = YES_AGGRESSIVE;
				CLANG_CXX_LANGUAGE_STANDARD = "gnu++20";
				CLANG_ENABLE_MODULES = YES;
				CLANG_ENABLE_OBJC_ARC = YES;
				CLANG_ENABLE_OBJC_WEAK = YES;
				CLANG_WARN_BLOCK_CAPTURE_AUTORELEASING = YES;
				CLANG_WARN_BOOL_CONVERSION = YES;
				CLANG_WARN_COMMA = YES;
				CLANG_WARN_CONSTANT_CONVERSION = YES;
				CLANG_WARN_DEPRECATED_OBJC_IMPLEMENTATIONS = YES;
				CLANG_WARN_DIRECT_OBJC_ISA_USAGE = YES_ERROR;
				CLANG_WARN_DOCUMENTATION_COMMENTS = YES;
				CLANG_WARN_EMPTY_BODY = YES;
				CLANG_WARN_ENUM_CONVERSION = YES;
				CLANG_WARN_INFINITE_RECURSION = YES;
				CLANG_WARN_INT_CONVERSION = YES;
				CLANG_WARN_NON_LITERAL_NULL_CONVERSION = YES;
				CLANG_WARN_OBJC_IMPLICIT_RETAIN_SELF = YES;
				CLANG_WARN_OBJC_LITERAL_CONVERSION = YES;
				CLANG_WARN_OBJC_ROOT_CLASS = YES_ERROR;
				CLANG_WARN_QUOTED_INCLUDE_IN_FRAMEWORK_HEADER = YES;
				CLANG_WARN_RANGE_LOOP_ANALYSIS = YES;
				CLANG_WARN_STRICT_PROTOTYPES = YES;
				CLANG_WARN_SUSPICIOUS_MOVE = YES;
				CLANG_WARN_UNGUARDED_AVAILABILITY = YES_AGGRESSIVE;
				CLANG_WARN_UNREACHABLE_CODE = YES;
				CLANG_WARN__DUPLICATE_METHOD_MATCH = YES;
				COPY_PHASE_STRIP = NO;
				DEBUG_INFORMATION_FORMAT = dwarf;
				ENABLE_STRICT_OBJC_MSGSEND = YES;
				ENABLE_TESTABILITY = YES;
				ENABLE_USER_SCRIPT_SANDBOXING = YES;
				GCC_C_LANGUAGE_STANDARD = gnu17;
				GCC_DYNAMIC_NO_PIC = NO;
				GCC_NO_COMMON_BLOCKS = YES;
				GCC_OPTIMIZATION_LEVEL = 0;
				GCC_PREPROCESSOR_DEFINITIONS = (
					"DEBUG=1",
					"$(inherited)",
				);
				GCC_WARN_64_TO_32_BIT_CONVERSION = YES;
				GCC_WARN_ABOUT_RETURN_TYPE = YES_ERROR;
				GCC_WARN_UNDECLARED_SELECTOR = YES;
				GCC_WARN_UNINITIALIZED_AUTOS = YES_AGGRESSIVE;
				GCC_WARN_UNUSED_FUNCTION = YES;
				GCC_WARN_UNUSED_VARIABLE = YES;
				IPHONEOS_DEPLOYMENT_TARGET = 18.2;
				LOCALIZATION_PREFERS_STRING_CATALOGS = YES;
				MTL_ENABLE_DEBUG_INFO = INCLUDE_SOURCE;
				MTL_FAST_MATH = YES;
				ONLY_ACTIVE_ARCH = YES;
				SDKROOT = iphoneos;
				SWIFT_ACTIVE_COMPILATION_CONDITIONS = "DEBUG $(inherited)";
				SWIFT_OPTIMIZATION_LEVEL = "-Onone";
			};
			name = Debug;
		};
		657D84372D7BA3E1000A7B3F /* Release */ = {
			isa = XCBuildConfiguration;
			buildSettings = {
				ALWAYS_SEARCH_USER_PATHS = NO;
				ASSETCATALOG_COMPILER_GENERATE_SWIFT_ASSET_SYMBOL_EXTENSIONS = YES;
				CLANG_ANALYZER_NONNULL = YES;
				CLANG_ANALYZER_NUMBER_OBJECT_CONVERSION = YES_AGGRESSIVE;
				CLANG_CXX_LANGUAGE_STANDARD = "gnu++20";
				CLANG_ENABLE_MODULES = YES;
				CLANG_ENABLE_OBJC_ARC = YES;
				CLANG_ENABLE_OBJC_WEAK = YES;
				CLANG_WARN_BLOCK_CAPTURE_AUTORELEASING = YES;
				CLANG_WARN_BOOL_CONVERSION = YES;
				CLANG_WARN_COMMA = YES;
				CLANG_WARN_CONSTANT_CONVERSION = YES;
				CLANG_WARN_DEPRECATED_OBJC_IMPLEMENTATIONS = YES;
				CLANG_WARN_DIRECT_OBJC_ISA_USAGE = YES_ERROR;
				CLANG_WARN_DOCUMENTATION_COMMENTS = YES;
				CLANG_WARN_EMPTY_BODY = YES;
				CLANG_WARN_ENUM_CONVERSION = YES;
				CLANG_WARN_INFINITE_RECURSION = YES;
				CLANG_WARN_INT_CONVERSION = YES;
				CLANG_WARN_NON_LITERAL_NULL_CONVERSION = YES;
				CLANG_WARN_OBJC_IMPLICIT_RETAIN_SELF = YES;
				CLANG_WARN_OBJC_LITERAL_CONVERSION = YES;
				CLANG_WARN_OBJC_ROOT_CLASS = YES_ERROR;
				CLANG_WARN_QUOTED_INCLUDE_IN_FRAMEWORK_HEADER = YES;
				CLANG_WARN_RANGE_LOOP_ANALYSIS = YES;
				CLANG_WARN_STRICT_PROTOTYPES = YES;
				CLANG_WARN_SUSPICIOUS_MOVE = YES;
				CLANG_WARN_UNGUARDED_AVAILABILITY = YES_AGGRESSIVE;
				CLANG_WARN_UNREACHABLE_CODE = YES;
				CLANG_WARN__DUPLICATE_METHOD_MATCH = YES;
				COPY_PHASE_STRIP = NO;
				DEBUG_INFORMATION_FORMAT = "dwarf-with-dsym";
				ENABLE_NS_ASSERTIONS = NO;
				ENABLE_STRICT_OBJC_MSGSEND = YES;
				ENABLE_USER_SCRIPT_SANDBOXING = YES;
				GCC_C_LANGUAGE_STANDARD = gnu17;
				GCC_NO_COMMON_BLOCKS = YES;
				GCC_WARN_64_TO_32_BIT_CONVERSION = YES;
				GCC_WARN_ABOUT_RETURN_TYPE = YES_ERROR;
				GCC_WARN_UNDECLARED_SELECTOR = YES;
				GCC_WARN_UNINITIALIZED_AUTOS = YES_AGGRESSIVE;
				GCC_WARN_UNUSED_FUNCTION = YES;
				GCC_WARN_UNUSED_VARIABLE = YES;
				IPHONEOS_DEPLOYMENT_TARGET = 18.2;
				LOCALIZATION_PREFERS_STRING_CATALOGS = YES;
				MTL_ENABLE_DEBUG_INFO = NO;
				MTL_FAST_MATH = YES;
				SDKROOT = iphoneos;
				SWIFT_COMPILATION_MODE = wholemodule;
				VALIDATE_PRODUCT = YES;
			};
			name = Release;
		};
		657D84392D7BA3E1000A7B3F /* Debug */ = {
			isa = XCBuildConfiguration;
			buildSettings = {
				ASSETCATALOG_COMPILER_APPICON_NAME = AppIcon;
				ASSETCATALOG_COMPILER_GLOBAL_ACCENT_COLOR_NAME = AccentColor;
				CODE_SIGN_STYLE = Automatic;
				CURRENT_PROJECT_VERSION = 1;
				DEVELOPMENT_ASSET_PATHS = "\"Memory Game/Preview Content\"";
				ENABLE_PREVIEWS = YES;
				GENERATE_INFOPLIST_FILE = YES;
				INFOPLIST_KEY_UIApplicationSceneManifest_Generation = YES;
				INFOPLIST_KEY_UIApplicationSupportsIndirectInputEvents = YES;
				INFOPLIST_KEY_UILaunchScreen_Generation = YES;
				INFOPLIST_KEY_UISupportedInterfaceOrientations_iPad = "UIInterfaceOrientationPortrait UIInterfaceOrientationPortraitUpsideDown UIInterfaceOrientationLandscapeLeft UIInterfaceOrientationLandscapeRight";
				INFOPLIST_KEY_UISupportedInterfaceOrientations_iPhone = "UIInterfaceOrientationPortrait UIInterfaceOrientationLandscapeLeft UIInterfaceOrientationLandscapeRight";
				LD_RUNPATH_SEARCH_PATHS = (
					"$(inherited)",
					"@executable_path/Frameworks",
				);
				MARKETING_VERSION = 1.0;
				PRODUCT_BUNDLE_IDENTIFIER = "JestenScheideger.Memory-Game";
				PRODUCT_NAME = "$(TARGET_NAME)";
				SWIFT_EMIT_LOC_STRINGS = YES;
				SWIFT_VERSION = 5.0;
				TARGETED_DEVICE_FAMILY = "1,2";
			};
			name = Debug;
		};
		657D843A2D7BA3E1000A7B3F /* Release */ = {
			isa = XCBuildConfiguration;
			buildSettings = {
				ASSETCATALOG_COMPILER_APPICON_NAME = AppIcon;
				ASSETCATALOG_COMPILER_GLOBAL_ACCENT_COLOR_NAME = AccentColor;
				CODE_SIGN_STYLE = Automatic;
				CURRENT_PROJECT_VERSION = 1;
				DEVELOPMENT_ASSET_PATHS = "\"Memory Game/Preview Content\"";
				ENABLE_PREVIEWS = YES;
				GENERATE_INFOPLIST_FILE = YES;
				INFOPLIST_KEY_UIApplicationSceneManifest_Generation = YES;
				INFOPLIST_KEY_UIApplicationSupportsIndirectInputEvents = YES;
				INFOPLIST_KEY_UILaunchScreen_Generation = YES;
				INFOPLIST_KEY_UISupportedInterfaceOrientations_iPad = "UIInterfaceOrientationPortrait UIInterfaceOrientationPortraitUpsideDown UIInterfaceOrientationLandscapeLeft UIInterfaceOrientationLandscapeRight";
				INFOPLIST_KEY_UISupportedInterfaceOrientations_iPhone = "UIInterfaceOrientationPortrait UIInterfaceOrientationLandscapeLeft UIInterfaceOrientationLandscapeRight";
				LD_RUNPATH_SEARCH_PATHS = (
					"$(inherited)",
					"@executable_path/Frameworks",
				);
				MARKETING_VERSION = 1.0;
				PRODUCT_BUNDLE_IDENTIFIER = "JestenScheideger.Memory-Game";
				PRODUCT_NAME = "$(TARGET_NAME)";
				SWIFT_EMIT_LOC_STRINGS = YES;
				SWIFT_VERSION = 5.0;
				TARGETED_DEVICE_FAMILY = "1,2";
			};
			name = Release;
		};
		657D843C2D7BA3E1000A7B3F /* Debug */ = {
			isa = XCBuildConfiguration;
			buildSettings = {
				BUNDLE_LOADER = "$(TEST_HOST)";
				CODE_SIGN_STYLE = Automatic;
				CURRENT_PROJECT_VERSION = 1;
				GENERATE_INFOPLIST_FILE = YES;
				IPHONEOS_DEPLOYMENT_TARGET = 18.2;
				MARKETING_VERSION = 1.0;
				PRODUCT_BUNDLE_IDENTIFIER = "JestenScheideger.Memory-GameTests";
				PRODUCT_NAME = "$(TARGET_NAME)";
				SWIFT_EMIT_LOC_STRINGS = NO;
				SWIFT_VERSION = 5.0;
				TARGETED_DEVICE_FAMILY = "1,2";
				TEST_HOST = "$(BUILT_PRODUCTS_DIR)/Memory Game.app/$(BUNDLE_EXECUTABLE_FOLDER_PATH)/Memory Game";
			};
			name = Debug;
		};
		657D843D2D7BA3E1000A7B3F /* Release */ = {
			isa = XCBuildConfiguration;
			buildSettings = {
				BUNDLE_LOADER = "$(TEST_HOST)";
				CODE_SIGN_STYLE = Automatic;
				CURRENT_PROJECT_VERSION = 1;
				GENERATE_INFOPLIST_FILE = YES;
				IPHONEOS_DEPLOYMENT_TARGET = 18.2;
				MARKETING_VERSION = 1.0;
				PRODUCT_BUNDLE_IDENTIFIER = "JestenScheideger.Memory-GameTests";
				PRODUCT_NAME = "$(TARGET_NAME)";
				SWIFT_EMIT_LOC_STRINGS = NO;
				SWIFT_VERSION = 5.0;
				TARGETED_DEVICE_FAMILY = "1,2";
				TEST_HOST = "$(BUILT_PRODUCTS_DIR)/Memory Game.app/$(BUNDLE_EXECUTABLE_FOLDER_PATH)/Memory Game";
			};
			name = Release;
		};
		657D843F2D7BA3E1000A7B3F /* Debug */ = {
			isa = XCBuildConfiguration;
			buildSettings = {
				CODE_SIGN_STYLE = Automatic;
				CURRENT_PROJECT_VERSION = 1;
				GENERATE_INFOPLIST_FILE = YES;
				MARKETING_VERSION = 1.0;
				PRODUCT_BUNDLE_IDENTIFIER = "JestenScheideger.Memory-GameUITests";
				PRODUCT_NAME = "$(TARGET_NAME)";
				SWIFT_EMIT_LOC_STRINGS = NO;
				SWIFT_VERSION = 5.0;
				TARGETED_DEVICE_FAMILY = "1,2";
				TEST_TARGET_NAME = "Memory Game";
			};
			name = Debug;
		};
		657D84402D7BA3E1000A7B3F /* Release */ = {
			isa = XCBuildConfiguration;
			buildSettings = {
				CODE_SIGN_STYLE = Automatic;
				CURRENT_PROJECT_VERSION = 1;
				GENERATE_INFOPLIST_FILE = YES;
				MARKETING_VERSION = 1.0;
				PRODUCT_BUNDLE_IDENTIFIER = "JestenScheideger.Memory-GameUITests";
				PRODUCT_NAME = "$(TARGET_NAME)";
				SWIFT_EMIT_LOC_STRINGS = NO;
				SWIFT_VERSION = 5.0;
				TARGETED_DEVICE_FAMILY = "1,2";
				TEST_TARGET_NAME = "Memory Game";
			};
			name = Release;
		};
/* End XCBuildConfiguration section */

/* Begin XCConfigurationList section */
		657D840F2D7BA3E0000A7B3F /* Build configuration list for PBXProject "Memory Game" */ = {
			isa = XCConfigurationList;
			buildConfigurations = (
				657D84362D7BA3E1000A7B3F /* Debug */,
				657D84372D7BA3E1000A7B3F /* Release */,
			);
			defaultConfigurationIsVisible = 0;
			defaultConfigurationName = Release;
		};
		657D84382D7BA3E1000A7B3F /* Build configuration list for PBXNativeTarget "Memory Game" */ = {
			isa = XCConfigurationList;
			buildConfigurations = (
				657D84392D7BA3E1000A7B3F /* Debug */,
				657D843A2D7BA3E1000A7B3F /* Release */,
			);
			defaultConfigurationIsVisible = 0;
			defaultConfigurationName = Release;
		};
		657D843B2D7BA3E1000A7B3F /* Build configuration list for PBXNativeTarget "Memory GameTests" */ = {
			isa = XCConfigurationList;
			buildConfigurations = (
				657D843C2D7BA3E1000A7B3F /* Debug */,
				657D843D2D7BA3E1000A7B3F /* Release */,
			);
			defaultConfigurationIsVisible = 0;
			defaultConfigurationName = Release;
		};
		657D843E2D7BA3E1000A7B3F /* Build configuration list for PBXNativeTarget "Memory GameUITests" */ = {
			isa = XCConfigurationList;
			buildConfigurations = (
				657D843F2D7BA3E1000A7B3F /* Debug */,
				657D84402D7BA3E1000A7B3F /* Release */,
			);
			defaultConfigurationIsVisible = 0;
			defaultConfigurationName = Release;
		};
/* End XCConfigurationList section */
	};
	rootObject = 657D840C2D7BA3E0000A7B3F /* Project object */;
}
